
Microsoft Visual Studio Solution File, Format Version 12.00
# Visual Studio 2012
Project("{8BC9CEB8-8B4A-11D0-8D11-00A0C91BC942}") = "March of the Bombs_Client", "March of the Bombs\March of the Bombs.vcxproj", "{F2D22BF3-7E1A-467E-BB87-F23C7D13CF05}"
	ProjectSection(ProjectDependencies) = postProject
		{D91DF2FD-F046-4321-809B-128CF6CDE584} = {D91DF2FD-F046-4321-809B-128CF6CDE584}
	EndProjectSection
EndProject
Project("{8BC9CEB8-8B4A-11D0-8D11-00A0C91BC942}") = "March of the Bombs_Server", "March of the Bombs_Server\March of the Bombs_Server.vcxproj", "{07744F02-DC4E-4FB1-B126-F8AF07540B95}"
	ProjectSection(ProjectDependencies) = postProject
		{D91DF2FD-F046-4321-809B-128CF6CDE584} = {D91DF2FD-F046-4321-809B-128CF6CDE584}
	EndProjectSection
EndProject
Project("{8BC9CEB8-8B4A-11D0-8D11-00A0C91BC942}") = "Shared", "Shared\Shared.vcxproj", "{D91DF2FD-F046-4321-809B-128CF6CDE584}"
EndProject
Global
	GlobalSection(SolutionConfigurationPlatforms) = preSolution
		Debug|Win32 = Debug|Win32
		Release|Win32 = Release|Win32
	EndGlobalSection
	GlobalSection(ProjectConfigurationPlatforms) = postSolution
		{F2D22BF3-7E1A-467E-BB87-F23C7D13CF05}.Debug|Win32.ActiveCfg = Debug|Win32
		{F2D22BF3-7E1A-467E-BB87-F23C7D13CF05}.Debug|Win32.Build.0 = Debug|Win32
		{F2D22BF3-7E1A-467E-BB87-F23C7D13CF05}.Release|Win32.ActiveCfg = Release|Win32
		{F2D22BF3-7E1A-467E-BB87-F23C7D13CF05}.Release|Win32.Build.0 = Release|Win32
		{07744F02-DC4E-4FB1-B126-F8AF07540B95}.Debug|Win32.ActiveCfg = Debug|Win32
		{07744F02-DC4E-4FB1-B126-F8AF07540B95}.Debug|Win32.Build.0 = Debug|Win32
		{07744F02-DC4E-4FB1-B126-F8AF07540B95}.Release|Win32.ActiveCfg = Release|Win32
		{07744F02-DC4E-4FB1-B126-F8AF07540B95}.Release|Win32.Build.0 = Release|Win32
		{D91DF2FD-F046-4321-809B-128CF6CDE584}.Debug|Win32.ActiveCfg = Debug|Win32
		{D91DF2FD-F046-4321-809B-128CF6CDE584}.Debug|Win32.Build.0 = Debug|Win32
		{D91DF2FD-F046-4321-809B-128CF6CDE584}.Release|Win32.ActiveCfg = Release|Win32
		{D91DF2FD-F046-4321-809B-128CF6CDE584}.Release|Win32.Build.0 = Release|Win32
	EndGlobalSection
	GlobalSection(SolutionProperties) = preSolution
		HideSolutionNode = FALSE
	EndGlobalSection
EndGlobal
