
Microsoft Visual Studio Solution File, Format Version 11.00
# Visual Studio 2010
Project("{8BC9CEB8-8B4A-11D0-8D11-00A0C91BC942}") = "March of the Bombs", "March of the Bombs\March of the Bombs.vcxproj", "{F2D22BF3-7E1A-467E-BB87-F23C7D13CF05}"
EndProject
Project("{8BC9CEB8-8B4A-11D0-8D11-00A0C91BC942}") = "March of the Bombs_Server", "March of the Bombs_Server\March of the Bombs_Server.vcxproj", "{07744F02-DC4E-4FB1-B126-F8AF07540B95}"
EndProject
Global
	GlobalSection(SolutionConfigurationPlatforms) = preSolution
		Debug|Win32 = Debug|Win32
		Release|Win32 = Release|Win32
	EndGlobalSection
	GlobalSection(ProjectConfigurationPlatforms) = postSolution
		{F2D22BF3-7E1A-467E-BB87-F23C7D13CF05}.Debug|Win32.ActiveCfg = Debug|Win32
		{F2D22BF3-7E1A-467E-BB87-F23C7D13CF05}.Debug|Win32.Build.0 = Debug|Win32
		{F2D22BF3-7E1A-467E-BB87-F23C7D13CF05}.Release|Win32.ActiveCfg = Release|Win32
		{F2D22BF3-7E1A-467E-BB87-F23C7D13CF05}.Release|Win32.Build.0 = Release|Win32
		{07744F02-DC4E-4FB1-B126-F8AF07540B95}.Debug|Win32.ActiveCfg = Debug|Win32
		{07744F02-DC4E-4FB1-B126-F8AF07540B95}.Debug|Win32.Build.0 = Debug|Win32
		{07744F02-DC4E-4FB1-B126-F8AF07540B95}.Release|Win32.ActiveCfg = Release|Win32
		{07744F02-DC4E-4FB1-B126-F8AF07540B95}.Release|Win32.Build.0 = Release|Win32
	EndGlobalSection
	GlobalSection(SolutionProperties) = preSolution
		HideSolutionNode = FALSE
	EndGlobalSection
EndGlobal
