<?xml version="1.0" encoding="utf-8"?>
<Project ToolsVersion="4.0" xmlns="http://schemas.microsoft.com/developer/msbuild/2003">
  <ItemGroup>
    <Filter Include="Source Files">
      <UniqueIdentifier>{4FC737F1-C7A5-4376-A066-2A32D752A2FF}</UniqueIdentifier>
      <Extensions>cpp;c;cc;cxx;def;odl;idl;hpj;bat;asm;asmx</Extensions>
    </Filter>
    <Filter Include="Header Files">
      <UniqueIdentifier>{93995380-89BD-4b04-88EB-625FBE52EBFB}</UniqueIdentifier>
      <Extensions>h;hpp;hxx;hm;inl;inc;xsd</Extensions>
    </Filter>
    <Filter Include="Resource Files">
      <UniqueIdentifier>{67DA6AB6-F800-4c08-8B7A-83BB121AAD01}</UniqueIdentifier>
      <Extensions>rc;ico;cur;bmp;dlg;rc2;rct;bin;rgs;gif;jpg;jpeg;jpe;resx;tiff;tif;png;wav;mfcribbon-ms</Extensions>
    </Filter>
    <Filter Include="Source Files\Packet">
      <UniqueIdentifier>{a8563e38-4544-4468-9bc9-2aec86424da3}</UniqueIdentifier>
    </Filter>
    <Filter Include="Header Files\Packet">
      <UniqueIdentifier>{5113a8a8-5710-48bc-9ead-9d2dd6fa590f}</UniqueIdentifier>
    </Filter>
  </ItemGroup>
  <ItemGroup>
    <ClCompile Include="PacketException.cpp">
      <Filter>Source Files</Filter>
    </ClCompile>
    <ClCompile Include="PacketManager.cpp">
      <Filter>Source Files</Filter>
    </ClCompile>
    <ClCompile Include="InvalidSizeException.cpp">
      <Filter>Source Files</Filter>
    </ClCompile>
    <ClCompile Include="Packet.cpp">
      <Filter>Source Files\Packet</Filter>
    </ClCompile>
    <ClCompile Include="Packet2Blob.cpp">
      <Filter>Source Files\Packet</Filter>
    </ClCompile>
    <ClCompile Include="Packet3Login.cpp">
      <Filter>Source Files\Packet</Filter>
    </ClCompile>
    <ClCompile Include="Packet1SimpleMessage.cpp">
      <Filter>Source Files\Packet</Filter>
    </ClCompile>
    <ClCompile Include="Packet4LoginAccepted.cpp">
      <Filter>Source Files\Packet</Filter>
    </ClCompile>
    <ClCompile Include="Packet5EntityMove.cpp">
      <Filter>Source Files\Packet</Filter>
    </ClCompile>
    <ClCompile Include="Packet6CreateGame.cpp">
      <Filter>Source Files\Packet</Filter>
    </ClCompile>
    <ClCompile Include="Packet7JoinGame.cpp">
      <Filter>Source Files\Packet</Filter>
    </ClCompile>
    <ClCompile Include="Packet8SetupGame.cpp">
      <Filter>Source Files\Packet</Filter>
    </ClCompile>
  </ItemGroup>
  <ItemGroup>
    <ClInclude Include="PacketException.h">
      <Filter>Header Files</Filter>
    </ClInclude>
    <ClInclude Include="PacketManager.h">
      <Filter>Header Files</Filter>
    </ClInclude>
    <ClInclude Include="InvalidSizeException.h">
      <Filter>Header Files</Filter>
    </ClInclude>
    <ClInclude Include="Packet.h">
      <Filter>Header Files\Packet</Filter>
    </ClInclude>
    <ClInclude Include="Packet2Blob.h">
      <Filter>Header Files\Packet</Filter>
    </ClInclude>
    <ClInclude Include="Packet3Login.h">
      <Filter>Header Files\Packet</Filter>
    </ClInclude>
    <ClInclude Include="Packet1SimpleMessage.h">
      <Filter>Header Files\Packet</Filter>
    </ClInclude>
    <ClInclude Include="Packet4LoginAccepted.h">
      <Filter>Header Files\Packet</Filter>
    </ClInclude>
    <ClInclude Include="Packet5EntityMove.h">
      <Filter>Header Files\Packet</Filter>
    </ClInclude>
    <ClInclude Include="Pack.h">
      <Filter>Header Files</Filter>
    </ClInclude>
    <ClInclude Include="Packet6CreateGame.h">
      <Filter>Header Files\Packet</Filter>
    </ClInclude>
    <ClInclude Include="Packet7JoinGame.h">
      <Filter>Header Files\Packet</Filter>
    </ClInclude>
    <ClInclude Include="Packet8SetupGame.h">
      <Filter>Header Files\Packet</Filter>
    </ClInclude>
  </ItemGroup>
</Project>