<?xml version="1.0" encoding="utf-8"?>
<Project ToolsVersion="4.0" xmlns="http://schemas.microsoft.com/developer/msbuild/2003">
  <ItemGroup>
    <Filter Include="Source Files">
      <UniqueIdentifier>{4FC737F1-C7A5-4376-A066-2A32D752A2FF}</UniqueIdentifier>
      <Extensions>cpp;c;cc;cxx;def;odl;idl;hpj;bat;asm;asmx</Extensions>
    </Filter>
    <Filter Include="Header Files">
      <UniqueIdentifier>{93995380-89BD-4b04-88EB-625FBE52EBFB}</UniqueIdentifier>
      <Extensions>h;hpp;hxx;hm;inl;inc;xsd</Extensions>
    </Filter>
    <Filter Include="Resource Files">
      <UniqueIdentifier>{67DA6AB6-F800-4c08-8B7A-83BB121AAD01}</UniqueIdentifier>
      <Extensions>rc;ico;cur;bmp;dlg;rc2;rct;bin;rgs;gif;jpg;jpeg;jpe;resx;tiff;tif;png;wav;mfcribbon-ms</Extensions>
    </Filter>
    <Filter Include="Source Files\GUIcpp">
      <UniqueIdentifier>{5a81d221-e80a-41c4-9b4d-6f0fec78cf9f}</UniqueIdentifier>
    </Filter>
    <Filter Include="Header Files\GUIh">
      <UniqueIdentifier>{c83c4b8c-ea6d-4836-8ccd-61df2837f1ef}</UniqueIdentifier>
    </Filter>
    <Filter Include="Header Files\Graphics">
      <UniqueIdentifier>{0a8f14a9-a150-40ae-ac03-405b346a571f}</UniqueIdentifier>
    </Filter>
    <Filter Include="Source Files\Graphics">
      <UniqueIdentifier>{1264d7f0-ad94-401f-9e57-6da8bfd685d8}</UniqueIdentifier>
    </Filter>
    <Filter Include="Header Files\Game Logic">
      <UniqueIdentifier>{4ac2b0cd-51c3-45f3-a38f-273905d9ea4d}</UniqueIdentifier>
    </Filter>
    <Filter Include="Source Files\Game Logic">
      <UniqueIdentifier>{f1dc9ed5-612c-43d2-841e-1b0734372cf9}</UniqueIdentifier>
    </Filter>
    <Filter Include="Resource Files\Shaders">
      <UniqueIdentifier>{b9881098-1f43-4837-a6e2-118521de8b4c}</UniqueIdentifier>
    </Filter>
  </ItemGroup>
  <ItemGroup>
    <ClCompile Include="client.cpp">
      <Filter>Source Files</Filter>
    </ClCompile>
    <ClCompile Include="AttachmentPoint.cpp">
      <Filter>Source Files</Filter>
    </ClCompile>
    <ClCompile Include="GUIMain.cpp">
      <Filter>Source Files\GUIcpp</Filter>
    </ClCompile>
    <ClCompile Include="MainMeny.cpp">
      <Filter>Source Files\GUIcpp</Filter>
    </ClCompile>
    <ClCompile Include="Camera.cpp">
      <Filter>Source Files\Graphics</Filter>
    </ClCompile>
    <ClCompile Include="MainGameLogic.cpp">
      <Filter>Source Files\Game Logic</Filter>
    </ClCompile>
    <ClCompile Include="Graphics.cpp">
      <Filter>Source Files\Graphics</Filter>
    </ClCompile>
    <ClCompile Include="GLTexture.cpp">
      <Filter>Source Files\Graphics</Filter>
    </ClCompile>
    <ClCompile Include="TGALoader.cpp">
      <Filter>Source Files\Graphics</Filter>
    </ClCompile>
    <ClCompile Include="Button.cpp">
      <Filter>Source Files\GUIcpp</Filter>
    </ClCompile>
    <ClCompile Include="Rectangle.cpp">
      <Filter>Source Files</Filter>
    </ClCompile>
    <ClCompile Include="Units.cpp">
      <Filter>Source Files\Game Logic</Filter>
    </ClCompile>
    <ClCompile Include="LogicMap.cpp">
      <Filter>Source Files\Game Logic</Filter>
    </ClCompile>
    <ClCompile Include="GLSLProgram.cpp">
      <Filter>Source Files\Graphics</Filter>
    </ClCompile>
  </ItemGroup>
  <ItemGroup>
    <ClInclude Include="AttachmentPoint.h">
      <Filter>Header Files</Filter>
    </ClInclude>
    <ClInclude Include="GUIMain.h">
      <Filter>Header Files\GUIh</Filter>
    </ClInclude>
    <ClInclude Include="Screen.h">
      <Filter>Header Files\GUIh</Filter>
    </ClInclude>
    <ClInclude Include="MainMeny.h">
      <Filter>Header Files\GUIh</Filter>
    </ClInclude>
    <ClInclude Include="Camera.h">
      <Filter>Header Files\Graphics</Filter>
    </ClInclude>
    <ClInclude Include="MainGameLogicHeader.h">
      <Filter>Header Files\Game Logic</Filter>
    </ClInclude>
    <ClInclude Include="Graphics.h">
      <Filter>Header Files\Graphics</Filter>
    </ClInclude>
    <ClInclude Include="GLTexture.h">
      <Filter>Header Files\Graphics</Filter>
    </ClInclude>
    <ClInclude Include="TGALoader.h">
      <Filter>Header Files\Graphics</Filter>
    </ClInclude>
    <ClInclude Include="Button.h">
      <Filter>Header Files\GUIh</Filter>
    </ClInclude>
    <ClInclude Include="Rectangle.h">
      <Filter>Header Files</Filter>
    </ClInclude>
    <ClInclude Include="UnitsHeader.h">
      <Filter>Header Files\Game Logic</Filter>
    </ClInclude>
    <ClInclude Include="MapHeader.h">
      <Filter>Header Files\Game Logic</Filter>
    </ClInclude>
    <ClInclude Include="GLSLProgram.h">
      <Filter>Header Files\Graphics</Filter>
    </ClInclude>
  </ItemGroup>
  <ItemGroup>
    <None Include="Shaders\standard2d.frag">
      <Filter>Resource Files\Shaders</Filter>
    </None>
    <None Include="Shaders\standard2d.vert">
      <Filter>Resource Files\Shaders</Filter>
    </None>
  </ItemGroup>
</Project>