<?xml version="1.0" encoding="utf-8"?>
<Project ToolsVersion="4.0" xmlns="http://schemas.microsoft.com/developer/msbuild/2003">
  <ItemGroup>
    <Filter Include="Source Files">
      <UniqueIdentifier>{4FC737F1-C7A5-4376-A066-2A32D752A2FF}</UniqueIdentifier>
      <Extensions>cpp;c;cc;cxx;def;odl;idl;hpj;bat;asm;asmx</Extensions>
    </Filter>
    <Filter Include="Header Files">
      <UniqueIdentifier>{93995380-89BD-4b04-88EB-625FBE52EBFB}</UniqueIdentifier>
      <Extensions>h;hpp;hxx;hm;inl;inc;xsd</Extensions>
    </Filter>
    <Filter Include="Resource Files">
      <UniqueIdentifier>{67DA6AB6-F800-4c08-8B7A-83BB121AAD01}</UniqueIdentifier>
      <Extensions>rc;ico;cur;bmp;dlg;rc2;rct;bin;rgs;gif;jpg;jpeg;jpe;resx;tiff;tif;png;wav;mfcribbon-ms</Extensions>
    </Filter>
    <Filter Include="Source Files\GUIcpp">
      <UniqueIdentifier>{5a81d221-e80a-41c4-9b4d-6f0fec78cf9f}</UniqueIdentifier>
    </Filter>
    <Filter Include="Header Files\GUIh">
      <UniqueIdentifier>{c83c4b8c-ea6d-4836-8ccd-61df2837f1ef}</UniqueIdentifier>
    </Filter>
    <Filter Include="Header Files\Graphics">
      <UniqueIdentifier>{0a8f14a9-a150-40ae-ac03-405b346a571f}</UniqueIdentifier>
    </Filter>
    <Filter Include="Source Files\Graphics">
      <UniqueIdentifier>{1264d7f0-ad94-401f-9e57-6da8bfd685d8}</UniqueIdentifier>
    </Filter>
    <Filter Include="Header Files\Game Logic">
      <UniqueIdentifier>{4ac2b0cd-51c3-45f3-a38f-273905d9ea4d}</UniqueIdentifier>
    </Filter>
    <Filter Include="Source Files\Game Logic">
      <UniqueIdentifier>{f1dc9ed5-612c-43d2-841e-1b0734372cf9}</UniqueIdentifier>
    </Filter>
    <Filter Include="Resource Files\Shaders">
      <UniqueIdentifier>{b9881098-1f43-4837-a6e2-118521de8b4c}</UniqueIdentifier>
      <Extensions>frag;vert</Extensions>
    </Filter>
    <Filter Include="Header Files\Event">
      <UniqueIdentifier>{f02956c8-36fd-4beb-aee5-b59f1144c1a4}</UniqueIdentifier>
    </Filter>
    <Filter Include="Source Files\Event">
      <UniqueIdentifier>{e5aac1a9-e74d-4c55-9f9f-c8aea4731e32}</UniqueIdentifier>
    </Filter>
    <Filter Include="Resource Files\Models">
      <UniqueIdentifier>{aec0bedd-d2a8-4560-b46f-9e9d507bab36}</UniqueIdentifier>
      <Extensions>3ds</Extensions>
    </Filter>
    <Filter Include="Resource Files\Images">
      <UniqueIdentifier>{3297de5c-6443-4f5b-b144-7f2e42f4bf76}</UniqueIdentifier>
      <Extensions>png;tga</Extensions>
    </Filter>
    <Filter Include="Source Files\Graphics\Model">
      <UniqueIdentifier>{6da0b048-2535-49d9-a6de-a30f976aaec5}</UniqueIdentifier>
    </Filter>
    <Filter Include="Header Files\Graphics\Model">
      <UniqueIdentifier>{159cc572-093a-4f59-8d55-b878065955bf}</UniqueIdentifier>
    </Filter>
  </ItemGroup>
  <ItemGroup>
    <ClCompile Include="client.cpp">
      <Filter>Source Files</Filter>
    </ClCompile>
    <ClCompile Include="AttachmentPoint.cpp">
      <Filter>Source Files</Filter>
    </ClCompile>
    <ClCompile Include="GUIMain.cpp">
      <Filter>Source Files\GUIcpp</Filter>
    </ClCompile>
    <ClCompile Include="MainMeny.cpp">
      <Filter>Source Files\GUIcpp</Filter>
    </ClCompile>
    <ClCompile Include="Camera.cpp">
      <Filter>Source Files\Graphics</Filter>
    </ClCompile>
    <ClCompile Include="MainGameLogic.cpp">
      <Filter>Source Files\Game Logic</Filter>
    </ClCompile>
    <ClCompile Include="Graphics.cpp">
      <Filter>Source Files\Graphics</Filter>
    </ClCompile>
    <ClCompile Include="GLTexture.cpp">
      <Filter>Source Files\Graphics</Filter>
    </ClCompile>
    <ClCompile Include="Button.cpp">
      <Filter>Source Files\GUIcpp</Filter>
    </ClCompile>
    <ClCompile Include="Units.cpp">
      <Filter>Source Files\Game Logic</Filter>
    </ClCompile>
    <ClCompile Include="LogicMap.cpp">
      <Filter>Source Files\Game Logic</Filter>
    </ClCompile>
    <ClCompile Include="GLSLProgram.cpp">
      <Filter>Source Files\Graphics</Filter>
    </ClCompile>
    <ClCompile Include="UnitFactory.cpp">
      <Filter>Source Files\Game Logic</Filter>
    </ClCompile>
    <ClCompile Include="Rectanglef.cpp">
      <Filter>Source Files</Filter>
    </ClCompile>
    <ClCompile Include="UnitActions.cpp">
      <Filter>Source Files\Game Logic</Filter>
    </ClCompile>
    <ClCompile Include="UnitMovement.cpp">
      <Filter>Source Files\Game Logic</Filter>
    </ClCompile>
    <ClCompile Include="Game.cpp">
      <Filter>Source Files</Filter>
    </ClCompile>
    <ClCompile Include="SimpleImage.cpp">
      <Filter>Source Files\GUIcpp</Filter>
    </ClCompile>
    <ClCompile Include="MouseState.cpp">
      <Filter>Source Files</Filter>
    </ClCompile>
    <ClCompile Include="KeyboardEvent.cpp">
      <Filter>Source Files\Event</Filter>
    </ClCompile>
    <ClCompile Include="Event.cpp">
      <Filter>Source Files\Event</Filter>
    </ClCompile>
    <ClCompile Include="MouseButtonEvent.cpp">
      <Filter>Source Files\Event</Filter>
    </ClCompile>
    <ClCompile Include="GameClient.cpp">
      <Filter>Source Files</Filter>
    </ClCompile>
    <ClCompile Include="PacketDispatchClient.cpp">
      <Filter>Source Files</Filter>
    </ClCompile>
    <ClCompile Include="PointLight.cpp">
      <Filter>Source Files\Graphics</Filter>
    </ClCompile>
    <ClCompile Include="GameScreen.cpp">
      <Filter>Source Files\GUIcpp</Filter>
    </ClCompile>
    <ClCompile Include="Block.cpp">
      <Filter>Source Files\Game Logic</Filter>
    </ClCompile>
    <ClCompile Include="EmptyBlock.cpp">
      <Filter>Source Files\Game Logic</Filter>
    </ClCompile>
    <ClCompile Include="HardBlock.cpp">
      <Filter>Source Files\Game Logic</Filter>
    </ClCompile>
    <ClCompile Include="SoftBlock.cpp">
      <Filter>Source Files\Game Logic</Filter>
    </ClCompile>
    <ClCompile Include="HQBlock.cpp">
      <Filter>Source Files\Game Logic</Filter>
    </ClCompile>
    <ClCompile Include="MouseMoveEvent.cpp">
      <Filter>Source Files\Event</Filter>
    </ClCompile>
    <ClCompile Include="BlockModel.cpp">
      <Filter>Source Files\Graphics\Model</Filter>
    </ClCompile>
    <ClCompile Include="BlockModelData.cpp">
      <Filter>Source Files\Graphics\Model</Filter>
    </ClCompile>
    <ClCompile Include="Model.cpp">
      <Filter>Source Files\Graphics\Model</Filter>
    </ClCompile>
    <ClCompile Include="Model3DS.cpp">
      <Filter>Source Files\Graphics\Model</Filter>
    </ClCompile>
    <ClCompile Include="PlaneModelData.cpp">
      <Filter>Source Files\Graphics\Model</Filter>
    </ClCompile>
    <ClCompile Include="PlaneModel.cpp">
      <Filter>Source Files\Graphics\Model</Filter>
    </ClCompile>
    <ClCompile Include="OptionScreen.cpp">
      <Filter>Source Files\GUIcpp</Filter>
    </ClCompile>
    <ClCompile Include="CreditsScreen.cpp">
      <Filter>Source Files\GUIcpp</Filter>
    </ClCompile>
    <ClCompile Include="HtPScreen.cpp">
      <Filter>Source Files\GUIcpp</Filter>
    </ClCompile>
  </ItemGroup>
  <ItemGroup>
    <ClInclude Include="AttachmentPoint.h">
      <Filter>Header Files</Filter>
    </ClInclude>
    <ClInclude Include="GUIMain.h">
      <Filter>Header Files\GUIh</Filter>
    </ClInclude>
    <ClInclude Include="Screen.h">
      <Filter>Header Files\GUIh</Filter>
    </ClInclude>
    <ClInclude Include="MainMeny.h">
      <Filter>Header Files\GUIh</Filter>
    </ClInclude>
    <ClInclude Include="Camera.h">
      <Filter>Header Files\Graphics</Filter>
    </ClInclude>
    <ClInclude Include="MainGameLogicHeader.h">
      <Filter>Header Files\Game Logic</Filter>
    </ClInclude>
    <ClInclude Include="Graphics.h">
      <Filter>Header Files\Graphics</Filter>
    </ClInclude>
    <ClInclude Include="GLTexture.h">
      <Filter>Header Files\Graphics</Filter>
    </ClInclude>
    <ClInclude Include="Button.h">
      <Filter>Header Files\GUIh</Filter>
    </ClInclude>
    <ClInclude Include="UnitsHeader.h">
      <Filter>Header Files\Game Logic</Filter>
    </ClInclude>
    <ClInclude Include="MapHeader.h">
      <Filter>Header Files\Game Logic</Filter>
    </ClInclude>
    <ClInclude Include="GLSLProgram.h">
      <Filter>Header Files\Graphics</Filter>
    </ClInclude>
    <ClInclude Include="UnitFactoryHeader.h">
      <Filter>Header Files\Game Logic</Filter>
    </ClInclude>
    <ClInclude Include="UnitActionsHeader.h">
      <Filter>Header Files\Game Logic</Filter>
    </ClInclude>
    <ClInclude Include="UnitMovementHeader.h">
      <Filter>Header Files\Game Logic</Filter>
    </ClInclude>
    <ClInclude Include="Rectanglef.h">
      <Filter>Header Files</Filter>
    </ClInclude>
    <ClInclude Include="Game.h">
      <Filter>Header Files</Filter>
    </ClInclude>
    <ClInclude Include="SimpleImage.h">
      <Filter>Header Files\GUIh</Filter>
    </ClInclude>
    <ClInclude Include="MouseState.h">
      <Filter>Header Files</Filter>
    </ClInclude>
    <ClInclude Include="Event.h">
      <Filter>Header Files\Event</Filter>
    </ClInclude>
    <ClInclude Include="MouseButtonEvent.h">
      <Filter>Header Files\Event</Filter>
    </ClInclude>
    <ClInclude Include="KeyboardEvent.h">
      <Filter>Header Files\Event</Filter>
    </ClInclude>
    <ClInclude Include="GameClient.h">
      <Filter>Header Files</Filter>
    </ClInclude>
    <ClInclude Include="PointLight.h">
      <Filter>Header Files\Graphics</Filter>
    </ClInclude>
    <ClInclude Include="GameScreen.h">
      <Filter>Header Files\GUIh</Filter>
    </ClInclude>
    <ClInclude Include="Block.h">
      <Filter>Header Files\Game Logic</Filter>
    </ClInclude>
    <ClInclude Include="EmptyBlock.h">
      <Filter>Header Files\Game Logic</Filter>
    </ClInclude>
    <ClInclude Include="HardBlock.h">
      <Filter>Header Files\Game Logic</Filter>
    </ClInclude>
    <ClInclude Include="HQBlock.h">
      <Filter>Header Files\Game Logic</Filter>
    </ClInclude>
    <ClInclude Include="SoftBlock.h">
      <Filter>Header Files\Game Logic</Filter>
    </ClInclude>
    <ClInclude Include="MouseMoveEvent.h">
      <Filter>Header Files\Event</Filter>
    </ClInclude>
    <ClInclude Include="BlockModel.h">
      <Filter>Header Files\Graphics\Model</Filter>
    </ClInclude>
    <ClInclude Include="BlockModelData.h">
      <Filter>Header Files\Graphics\Model</Filter>
    </ClInclude>
    <ClInclude Include="Model.h">
      <Filter>Header Files\Graphics\Model</Filter>
    </ClInclude>
    <ClInclude Include="Model3DS.h">
      <Filter>Header Files\Graphics\Model</Filter>
    </ClInclude>
    <ClInclude Include="ModelData.h">
      <Filter>Header Files\Graphics\Model</Filter>
    </ClInclude>
    <ClInclude Include="PlaneModelData.h">
      <Filter>Header Files\Graphics\Model</Filter>
    </ClInclude>
    <ClInclude Include="PlaneModel.h">
      <Filter>Header Files\Graphics\Model</Filter>
    </ClInclude>
    <ClInclude Include="OptionScreen.h">
      <Filter>Header Files\GUIh</Filter>
    </ClInclude>
    <ClInclude Include="CreditsScreen.h">
      <Filter>Header Files\GUIh</Filter>
    </ClInclude>
    <ClInclude Include="HtPScreen.h">
      <Filter>Header Files\GUIh</Filter>
    </ClInclude>
  </ItemGroup>
  <ItemGroup>
    <None Include="Shaders\standard2d.frag">
      <Filter>Resource Files\Shaders</Filter>
    </None>
    <None Include="Shaders\standard2d.vert">
      <Filter>Resource Files\Shaders</Filter>
    </None>
    <None Include="Shaders\modelShadow.vert">
      <Filter>Resource Files\Shaders</Filter>
    </None>
    <None Include="Shaders\model.frag">
      <Filter>Resource Files\Shaders</Filter>
    </None>
    <None Include="Shaders\model.vert">
      <Filter>Resource Files\Shaders</Filter>
    </None>
    <None Include="Shaders\modelShadow.frag">
      <Filter>Resource Files\Shaders</Filter>
    </None>
    <None Include="Models\StandardBomber1.3ds">
      <Filter>Resource Files\Models</Filter>
    </None>
    <None Include="Images\skull.tga" />
    <None Include="Images\MotBBackground.png">
      <Filter>Resource Files\Images</Filter>
    </None>
    <None Include="Images\ButtonCredits.png">
      <Filter>Resource Files\Images</Filter>
    </None>
    <None Include="Images\ButtonExit.png">
      <Filter>Resource Files\Images</Filter>
    </None>
    <None Include="Images\ButtonHtP.png">
      <Filter>Resource Files\Images</Filter>
    </None>
    <None Include="Images\ButtonLobby.png">
      <Filter>Resource Files\Images</Filter>
    </None>
    <None Include="Images\ButtonOption.png">
      <Filter>Resource Files\Images</Filter>
    </None>
  </ItemGroup>
</Project>